// !$*UTF8*$!
{
	archiveVersion = 1;
	classes = {
	};
	objectVersion = 55;
	objects = {

/* Begin PBXBuildFile section */
		877BF08628955B010034518E /* AppDelegate.swift in Sources */ = {isa = PBXBuildFile; fileRef = 877BF08528955B010034518E /* AppDelegate.swift */; };
		877BF08828955B010034518E /* SceneDelegate.swift in Sources */ = {isa = PBXBuildFile; fileRef = 877BF08728955B010034518E /* SceneDelegate.swift */; };
		877BF08A28955B010034518E /* ViewController.swift in Sources */ = {isa = PBXBuildFile; fileRef = 877BF08928955B010034518E /* ViewController.swift */; };
		877BF08D28955B010034518E /* Main.storyboard in Resources */ = {isa = PBXBuildFile; fileRef = 877BF08B28955B010034518E /* Main.storyboard */; };
		877BF08F28955B030034518E /* Assets.xcassets in Resources */ = {isa = PBXBuildFile; fileRef = 877BF08E28955B030034518E /* Assets.xcassets */; };
		877BF09228955B030034518E /* LaunchScreen.storyboard in Resources */ = {isa = PBXBuildFile; fileRef = 877BF09028955B030034518E /* LaunchScreen.storyboard */; };
		877BF09B28955B250034518E /* RxCocoa in Frameworks */ = {isa = PBXBuildFile; productRef = 877BF09A28955B250034518E /* RxCocoa */; };
		877BF09D28955B250034518E /* RxSwift in Frameworks */ = {isa = PBXBuildFile; productRef = 877BF09C28955B250034518E /* RxSwift */; };
		877BF0A228955BB80034518E /* ViewModel.swift in Sources */ = {isa = PBXBuildFile; fileRef = 877BF0A128955BB80034518E /* ViewModel.swift */; };
/* End PBXBuildFile section */

/* Begin PBXFileReference section */
		877BF08228955B010034518E /* MiniApp68-RxSwift09-withMike.app */ = {isa = PBXFileReference; explicitFileType = wrapper.application; includeInIndex = 0; path = "MiniApp68-RxSwift09-withMike.app"; sourceTree = BUILT_PRODUCTS_DIR; };
		877BF08528955B010034518E /* AppDelegate.swift */ = {isa = PBXFileReference; lastKnownFileType = sourcecode.swift; path = AppDelegate.swift; sourceTree = "<group>"; };
		877BF08728955B010034518E /* SceneDelegate.swift */ = {isa = PBXFileReference; lastKnownFileType = sourcecode.swift; path = SceneDelegate.swift; sourceTree = "<group>"; };
		877BF08928955B010034518E /* ViewController.swift */ = {isa = PBXFileReference; lastKnownFileType = sourcecode.swift; path = ViewController.swift; sourceTree = "<group>"; };
		877BF08C28955B010034518E /* Base */ = {isa = PBXFileReference; lastKnownFileType = file.storyboard; name = Base; path = Base.lproj/Main.storyboard; sourceTree = "<group>"; };
		877BF08E28955B030034518E /* Assets.xcassets */ = {isa = PBXFileReference; lastKnownFileType = folder.assetcatalog; path = Assets.xcassets; sourceTree = "<group>"; };
		877BF09128955B030034518E /* Base */ = {isa = PBXFileReference; lastKnownFileType = file.storyboard; name = Base; path = Base.lproj/LaunchScreen.storyboard; sourceTree = "<group>"; };
		877BF09328955B030034518E /* Info.plist */ = {isa = PBXFileReference; lastKnownFileType = text.plist.xml; path = Info.plist; sourceTree = "<group>"; };
		877BF0A128955BB80034518E /* ViewModel.swift */ = {isa = PBXFileReference; lastKnownFileType = sourcecode.swift; path = ViewModel.swift; sourceTree = "<group>"; };
/* End PBXFileReference section */

/* Begin PBXFrameworksBuildPhase section */
		877BF07F28955B010034518E /* Frameworks */ = {
			isa = PBXFrameworksBuildPhase;
			buildActionMask = 2147483647;
			files = (
				877BF09D28955B250034518E /* RxSwift in Frameworks */,
				877BF09B28955B250034518E /* RxCocoa in Frameworks */,
			);
			runOnlyForDeploymentPostprocessing = 0;
		};
/* End PBXFrameworksBuildPhase section */

/* Begin PBXGroup section */
		877BF07928955B010034518E = {
			isa = PBXGroup;
			children = (
				877BF08428955B010034518E /* MiniApp68-RxSwift09-withMike */,
				877BF08328955B010034518E /* Products */,
			);
			sourceTree = "<group>";
		};
		877BF08328955B010034518E /* Products */ = {
			isa = PBXGroup;
			children = (
				877BF08228955B010034518E /* MiniApp68-RxSwift09-withMike.app */,
			);
			name = Products;
			sourceTree = "<group>";
		};
		877BF08428955B010034518E /* MiniApp68-RxSwift09-withMike */ = {
			isa = PBXGroup;
			children = (
				877BF0A028955B990034518E /* ViewModel */,
				877BF09F28955B910034518E /* View */,
				877BF09E28955B8A0034518E /* Model */,
				877BF08528955B010034518E /* AppDelegate.swift */,
				877BF08728955B010034518E /* SceneDelegate.swift */,
				877BF08E28955B030034518E /* Assets.xcassets */,
				877BF09028955B030034518E /* LaunchScreen.storyboard */,
				877BF09328955B030034518E /* Info.plist */,
			);
			path = "MiniApp68-RxSwift09-withMike";
			sourceTree = "<group>";
		};
		877BF09E28955B8A0034518E /* Model */ = {
			isa = PBXGroup;
			children = (
			);
			path = Model;
			sourceTree = "<group>";
		};
		877BF09F28955B910034518E /* View */ = {
			isa = PBXGroup;
			children = (
				877BF08B28955B010034518E /* Main.storyboard */,
				877BF08928955B010034518E /* ViewController.swift */,
			);
			path = View;
			sourceTree = "<group>";
		};
		877BF0A028955B990034518E /* ViewModel */ = {
			isa = PBXGroup;
			children = (
				877BF0A128955BB80034518E /* ViewModel.swift */,
			);
			path = ViewModel;
			sourceTree = "<group>";
		};
/* End PBXGroup section */

/* Begin PBXNativeTarget section */
		877BF08128955B010034518E /* MiniApp68-RxSwift09-withMike */ = {
			isa = PBXNativeTarget;
			buildConfigurationList = 877BF09628955B030034518E /* Build configuration list for PBXNativeTarget "MiniApp68-RxSwift09-withMike" */;
			buildPhases = (
				877BF07E28955B010034518E /* Sources */,
				877BF07F28955B010034518E /* Frameworks */,
				877BF08028955B010034518E /* Resources */,
			);
			buildRules = (
			);
			dependencies = (
			);
			name = "MiniApp68-RxSwift09-withMike";
			packageProductDependencies = (
				877BF09A28955B250034518E /* RxCocoa */,
				877BF09C28955B250034518E /* RxSwift */,
			);
			productName = "MiniApp68-RxSwift09-withMike";
			productReference = 877BF08228955B010034518E /* MiniApp68-RxSwift09-withMike.app */;
			productType = "com.apple.product-type.application";
		};
/* End PBXNativeTarget section */

/* Begin PBXProject section */
		877BF07A28955B010034518E /* Project object */ = {
			isa = PBXProject;
			attributes = {
				BuildIndependentTargetsInParallel = 1;
				LastSwiftUpdateCheck = 1340;
				LastUpgradeCheck = 1340;
				TargetAttributes = {
					877BF08128955B010034518E = {
						CreatedOnToolsVersion = 13.4.1;
					};
				};
			};
			buildConfigurationList = 877BF07D28955B010034518E /* Build configuration list for PBXProject "MiniApp68-RxSwift09-withMike" */;
			compatibilityVersion = "Xcode 13.0";
			developmentRegion = en;
			hasScannedForEncodings = 0;
			knownRegions = (
				en,
				Base,
			);
			mainGroup = 877BF07928955B010034518E;
			packageReferences = (
				877BF09928955B250034518E /* XCRemoteSwiftPackageReference "RxSwift" */,
			);
			productRefGroup = 877BF08328955B010034518E /* Products */;
			projectDirPath = "";
			projectRoot = "";
			targets = (
				877BF08128955B010034518E /* MiniApp68-RxSwift09-withMike */,
			);
		};
/* End PBXProject section */

/* Begin PBXResourcesBuildPhase section */
		877BF08028955B010034518E /* Resources */ = {
			isa = PBXResourcesBuildPhase;
			buildActionMask = 2147483647;
			files = (
				877BF09228955B030034518E /* LaunchScreen.storyboard in Resources */,
				877BF08F28955B030034518E /* Assets.xcassets in Resources */,
				877BF08D28955B010034518E /* Main.storyboard in Resources */,
			);
			runOnlyForDeploymentPostprocessing = 0;
		};
/* End PBXResourcesBuildPhase section */

/* Begin PBXSourcesBuildPhase section */
		877BF07E28955B010034518E /* Sources */ = {
			isa = PBXSourcesBuildPhase;
			buildActionMask = 2147483647;
			files = (
				877BF08A28955B010034518E /* ViewController.swift in Sources */,
				877BF08628955B010034518E /* AppDelegate.swift in Sources */,
				877BF0A228955BB80034518E /* ViewModel.swift in Sources */,
				877BF08828955B010034518E /* SceneDelegate.swift in Sources */,
			);
			runOnlyForDeploymentPostprocessing = 0;
		};
/* End PBXSourcesBuildPhase section */

/* Begin PBXVariantGroup section */
		877BF08B28955B010034518E /* Main.storyboard */ = {
			isa = PBXVariantGroup;
			children = (
				877BF08C28955B010034518E /* Base */,
			);
			name = Main.storyboard;
			sourceTree = "<group>";
		};
		877BF09028955B030034518E /* LaunchScreen.storyboard */ = {
			isa = PBXVariantGroup;
			children = (
				877BF09128955B030034518E /* Base */,
			);
			name = LaunchScreen.storyboard;
			sourceTree = "<group>";
		};
/* End PBXVariantGroup section */

/* Begin XCBuildConfiguration section */
		877BF09428955B030034518E /* Debug */ = {
			isa = XCBuildConfiguration;
			buildSettings = {
				ALWAYS_SEARCH_USER_PATHS = NO;
				CLANG_ANALYZER_NONNULL = YES;
				CLANG_ANALYZER_NUMBER_OBJECT_CONVERSION = YES_AGGRESSIVE;
				CLANG_CXX_LANGUAGE_STANDARD = "gnu++17";
				CLANG_ENABLE_MODULES = YES;
				CLANG_ENABLE_OBJC_ARC = YES;
				CLANG_ENABLE_OBJC_WEAK = YES;
				CLANG_WARN_BLOCK_CAPTURE_AUTORELEASING = YES;
				CLANG_WARN_BOOL_CONVERSION = YES;
				CLANG_WARN_COMMA = YES;
				CLANG_WARN_CONSTANT_CONVERSION = YES;
				CLANG_WARN_DEPRECATED_OBJC_IMPLEMENTATIONS = YES;
				CLANG_WARN_DIRECT_OBJC_ISA_USAGE = YES_ERROR;
				CLANG_WARN_DOCUMENTATION_COMMENTS = YES;
				CLANG_WARN_EMPTY_BODY = YES;
				CLANG_WARN_ENUM_CONVERSION = YES;
				CLANG_WARN_INFINITE_RECURSION = YES;
				CLANG_WARN_INT_CONVERSION = YES;
				CLANG_WARN_NON_LITERAL_NULL_CONVERSION = YES;
				CLANG_WARN_OBJC_IMPLICIT_RETAIN_SELF = YES;
				CLANG_WARN_OBJC_LITERAL_CONVERSION = YES;
				CLANG_WARN_OBJC_ROOT_CLASS = YES_ERROR;
				CLANG_WARN_QUOTED_INCLUDE_IN_FRAMEWORK_HEADER = YES;
				CLANG_WARN_RANGE_LOOP_ANALYSIS = YES;
				CLANG_WARN_STRICT_PROTOTYPES = YES;
				CLANG_WARN_SUSPICIOUS_MOVE = YES;
				CLANG_WARN_UNGUARDED_AVAILABILITY = YES_AGGRESSIVE;
				CLANG_WARN_UNREACHABLE_CODE = YES;
				CLANG_WARN__DUPLICATE_METHOD_MATCH = YES;
				COPY_PHASE_STRIP = NO;
				DEBUG_INFORMATION_FORMAT = dwarf;
				ENABLE_STRICT_OBJC_MSGSEND = YES;
				ENABLE_TESTABILITY = YES;
				GCC_C_LANGUAGE_STANDARD = gnu11;
				GCC_DYNAMIC_NO_PIC = NO;
				GCC_NO_COMMON_BLOCKS = YES;
				GCC_OPTIMIZATION_LEVEL = 0;
				GCC_PREPROCESSOR_DEFINITIONS = (
					"DEBUG=1",
					"$(inherited)",
				);
				GCC_WARN_64_TO_32_BIT_CONVERSION = YES;
				GCC_WARN_ABOUT_RETURN_TYPE = YES_ERROR;
				GCC_WARN_UNDECLARED_SELECTOR = YES;
				GCC_WARN_UNINITIALIZED_AUTOS = YES_AGGRESSIVE;
				GCC_WARN_UNUSED_FUNCTION = YES;
				GCC_WARN_UNUSED_VARIABLE = YES;
				IPHONEOS_DEPLOYMENT_TARGET = 15.5;
				MTL_ENABLE_DEBUG_INFO = INCLUDE_SOURCE;
				MTL_FAST_MATH = YES;
				ONLY_ACTIVE_ARCH = YES;
				SDKROOT = iphoneos;
				SWIFT_ACTIVE_COMPILATION_CONDITIONS = DEBUG;
				SWIFT_OPTIMIZATION_LEVEL = "-Onone";
			};
			name = Debug;
		};
		877BF09528955B030034518E /* Release */ = {
			isa = XCBuildConfiguration;
			buildSettings = {
				ALWAYS_SEARCH_USER_PATHS = NO;
				CLANG_ANALYZER_NONNULL = YES;
				CLANG_ANALYZER_NUMBER_OBJECT_CONVERSION = YES_AGGRESSIVE;
				CLANG_CXX_LANGUAGE_STANDARD = "gnu++17";
				CLANG_ENABLE_MODULES = YES;
				CLANG_ENABLE_OBJC_ARC = YES;
				CLANG_ENABLE_OBJC_WEAK = YES;
				CLANG_WARN_BLOCK_CAPTURE_AUTORELEASING = YES;
				CLANG_WARN_BOOL_CONVERSION = YES;
				CLANG_WARN_COMMA = YES;
				CLANG_WARN_CONSTANT_CONVERSION = YES;
				CLANG_WARN_DEPRECATED_OBJC_IMPLEMENTATIONS = YES;
				CLANG_WARN_DIRECT_OBJC_ISA_USAGE = YES_ERROR;
				CLANG_WARN_DOCUMENTATION_COMMENTS = YES;
				CLANG_WARN_EMPTY_BODY = YES;
				CLANG_WARN_ENUM_CONVERSION = YES;
				CLANG_WARN_INFINITE_RECURSION = YES;
				CLANG_WARN_INT_CONVERSION = YES;
				CLANG_WARN_NON_LITERAL_NULL_CONVERSION = YES;
				CLANG_WARN_OBJC_IMPLICIT_RETAIN_SELF = YES;
				CLANG_WARN_OBJC_LITERAL_CONVERSION = YES;
				CLANG_WARN_OBJC_ROOT_CLASS = YES_ERROR;
				CLANG_WARN_QUOTED_INCLUDE_IN_FRAMEWORK_HEADER = YES;
				CLANG_WARN_RANGE_LOOP_ANALYSIS = YES;
				CLANG_WARN_STRICT_PROTOTYPES = YES;
				CLANG_WARN_SUSPICIOUS_MOVE = YES;
				CLANG_WARN_UNGUARDED_AVAILABILITY = YES_AGGRESSIVE;
				CLANG_WARN_UNREACHABLE_CODE = YES;
				CLANG_WARN__DUPLICATE_METHOD_MATCH = YES;
				COPY_PHASE_STRIP = NO;
				DEBUG_INFORMATION_FORMAT = "dwarf-with-dsym";
				ENABLE_NS_ASSERTIONS = NO;
				ENABLE_STRICT_OBJC_MSGSEND = YES;
				GCC_C_LANGUAGE_STANDARD = gnu11;
				GCC_NO_COMMON_BLOCKS = YES;
				GCC_WARN_64_TO_32_BIT_CONVERSION = YES;
				GCC_WARN_ABOUT_RETURN_TYPE = YES_ERROR;
				GCC_WARN_UNDECLARED_SELECTOR = YES;
				GCC_WARN_UNINITIALIZED_AUTOS = YES_AGGRESSIVE;
				GCC_WARN_UNUSED_FUNCTION = YES;
				GCC_WARN_UNUSED_VARIABLE = YES;
				IPHONEOS_DEPLOYMENT_TARGET = 15.5;
				MTL_ENABLE_DEBUG_INFO = NO;
				MTL_FAST_MATH = YES;
				SDKROOT = iphoneos;
				SWIFT_COMPILATION_MODE = wholemodule;
				SWIFT_OPTIMIZATION_LEVEL = "-O";
				VALIDATE_PRODUCT = YES;
			};
			name = Release;
		};
		877BF09728955B030034518E /* Debug */ = {
			isa = XCBuildConfiguration;
			buildSettings = {
				ASSETCATALOG_COMPILER_APPICON_NAME = AppIcon;
				ASSETCATALOG_COMPILER_GLOBAL_ACCENT_COLOR_NAME = AccentColor;
				CODE_SIGN_STYLE = Automatic;
				CURRENT_PROJECT_VERSION = 1;
				DEVELOPMENT_TEAM = 558ZJSQN67;
				GENERATE_INFOPLIST_FILE = YES;
				INFOPLIST_FILE = "MiniApp68-RxSwift09-withMike/Info.plist";
				INFOPLIST_KEY_UIApplicationSupportsIndirectInputEvents = YES;
				INFOPLIST_KEY_UILaunchStoryboardName = LaunchScreen;
				INFOPLIST_KEY_UIMainStoryboardFile = Main;
				INFOPLIST_KEY_UISupportedInterfaceOrientations_iPad = "UIInterfaceOrientationPortrait UIInterfaceOrientationPortraitUpsideDown UIInterfaceOrientationLandscapeLeft UIInterfaceOrientationLandscapeRight";
				INFOPLIST_KEY_UISupportedInterfaceOrientations_iPhone = "UIInterfaceOrientationPortrait UIInterfaceOrientationLandscapeLeft UIInterfaceOrientationLandscapeRight";
				LD_RUNPATH_SEARCH_PATHS = (
					"$(inherited)",
					"@executable_path/Frameworks",
				);
				MARKETING_VERSION = 1.0;
				PRODUCT_BUNDLE_IDENTIFIER = "org.tetoblog.MiniApp68-RxSwift09-withMike";
				PRODUCT_NAME = "$(TARGET_NAME)";
				SWIFT_EMIT_LOC_STRINGS = YES;
				SWIFT_VERSION = 5.0;
				TARGETED_DEVICE_FAMILY = "1,2";
			};
			name = Debug;
		};
		877BF09828955B030034518E /* Release */ = {
			isa = XCBuildConfiguration;
			buildSettings = {
				ASSETCATALOG_COMPILER_APPICON_NAME = AppIcon;
				ASSETCATALOG_COMPILER_GLOBAL_ACCENT_COLOR_NAME = AccentColor;
				CODE_SIGN_STYLE = Automatic;
				CURRENT_PROJECT_VERSION = 1;
				DEVELOPMENT_TEAM = 558ZJSQN67;
				GENERATE_INFOPLIST_FILE = YES;
				INFOPLIST_FILE = "MiniApp68-RxSwift09-withMike/Info.plist";
				INFOPLIST_KEY_UIApplicationSupportsIndirectInputEvents = YES;
				INFOPLIST_KEY_UILaunchStoryboardName = LaunchScreen;
				INFOPLIST_KEY_UIMainStoryboardFile = Main;
				INFOPLIST_KEY_UISupportedInterfaceOrientations_iPad = "UIInterfaceOrientationPortrait UIInterfaceOrientationPortraitUpsideDown UIInterfaceOrientationLandscapeLeft UIInterfaceOrientationLandscapeRight";
				INFOPLIST_KEY_UISupportedInterfaceOrientations_iPhone = "UIInterfaceOrientationPortrait UIInterfaceOrientationLandscapeLeft UIInterfaceOrientationLandscapeRight";
				LD_RUNPATH_SEARCH_PATHS = (
					"$(inherited)",
					"@executable_path/Frameworks",
				);
				MARKETING_VERSION = 1.0;
				PRODUCT_BUNDLE_IDENTIFIER = "org.tetoblog.MiniApp68-RxSwift09-withMike";
				PRODUCT_NAME = "$(TARGET_NAME)";
				SWIFT_EMIT_LOC_STRINGS = YES;
				SWIFT_VERSION = 5.0;
				TARGETED_DEVICE_FAMILY = "1,2";
			};
			name = Release;
		};
/* End XCBuildConfiguration section */

/* Begin XCConfigurationList section */
		877BF07D28955B010034518E /* Build configuration list for PBXProject "MiniApp68-RxSwift09-withMike" */ = {
			isa = XCConfigurationList;
			buildConfigurations = (
				877BF09428955B030034518E /* Debug */,
				877BF09528955B030034518E /* Release */,
			);
			defaultConfigurationIsVisible = 0;
			defaultConfigurationName = Release;
		};
		877BF09628955B030034518E /* Build configuration list for PBXNativeTarget "MiniApp68-RxSwift09-withMike" */ = {
			isa = XCConfigurationList;
			buildConfigurations = (
				877BF09728955B030034518E /* Debug */,
				877BF09828955B030034518E /* Release */,
			);
			defaultConfigurationIsVisible = 0;
			defaultConfigurationName = Release;
		};
/* End XCConfigurationList section */

/* Begin XCRemoteSwiftPackageReference section */
		877BF09928955B250034518E /* XCRemoteSwiftPackageReference "RxSwift" */ = {
			isa = XCRemoteSwiftPackageReference;
			repositoryURL = "https://github.com/ReactiveX/RxSwift";
			requirement = {
				branch = main;
				kind = branch;
			};
		};
/* End XCRemoteSwiftPackageReference section */

/* Begin XCSwiftPackageProductDependency section */
		877BF09A28955B250034518E /* RxCocoa */ = {
			isa = XCSwiftPackageProductDependency;
			package = 877BF09928955B250034518E /* XCRemoteSwiftPackageReference "RxSwift" */;
			productName = RxCocoa;
		};
		877BF09C28955B250034518E /* RxSwift */ = {
			isa = XCSwiftPackageProductDependency;
			package = 877BF09928955B250034518E /* XCRemoteSwiftPackageReference "RxSwift" */;
			productName = RxSwift;
		};
/* End XCSwiftPackageProductDependency section */
	};
	rootObject = 877BF07A28955B010034518E /* Project object */;
}
